PODS:
  - flummkv (0.0.1):
    - Flutter
    - MMKV
  - Flutter (1.0.0)
  - MMKV (1.0.19)

DEPENDENCIES:
  - flummkv (from `.symlinks/plugins/flummkv/ios`)
  - Flutter (from `.symlinks/flutter/ios`)

SPEC REPOS:
  https://github.com/cocoapods/specs.git:
    - MMKV

EXTERNAL SOURCES:
  flummkv:
    :path: ".symlinks/plugins/flummkv/ios"
  Flutter:
    :path: ".symlinks/flutter/ios"

SPEC CHECKSUMS:
  flummkv: e634281988c02a40cba7027fb3b3cc117a27ba28
  Flutter: 58dd7d1b27887414a370fcccb9e645c08ffd7a6a
  MMKV: d362c29ab6ad839a16fcdf9e5b454944ecce588b

PODFILE CHECKSUM: aff02bfeed411c636180d6812254b2daeea14d09

COCOAPODS: 1.6.1
